{
  "object": {
    "pins": [
      {
        "package": "Realm",
        "repositoryURL": "https://github.com/realm/realm-cocoa.git",
        "state": {
          "branch": null,
          "revision": "963dbe558b802e3b9b78b810dcbceea3b4853ec9",
          "version": "4.3.0"
        }
      },
      {
        "package": "RealmCore",
        "repositoryURL": "https://github.com/realm/realm-core",
        "state": {
          "branch": null,
          "revision": "d2f6573960c84ebea3e0236047b3d976f95a5d7a",
          "version": "5.23.6"
        }
      }
    ]
  },
  "version": 1
}
